
Microsoft Visual Studio Solution File, Format Version 12.00
# Visual Studio Version 16
VisualStudioVersion = 16.0.31729.503
MinimumVisualStudioVersion = 10.0.40219.1
Project("{FAE04EC0-301F-11D3-BF4B-00C04F79EFBC}") = "Form_Combo_Box", "Form_Combo_Box\Form_Combo_Box.csproj", "{19C51377-3182-4C3C-B232-7FDA9FB6C305}"
EndProject
Global
	GlobalSection(SolutionConfigurationPlatforms) = preSolution
		Debug|Any CPU = Debug|Any CPU
		Release|Any CPU = Release|Any CPU
	EndGlobalSection
	GlobalSection(ProjectConfigurationPlatforms) = postSolution
		{19C51377-3182-4C3C-B232-7FDA9FB6C305}.Debug|Any CPU.ActiveCfg = Debug|Any CPU
		{19C51377-3182-4C3C-B232-7FDA9FB6C305}.Debug|Any CPU.Build.0 = Debug|Any CPU
		{19C51377-3182-4C3C-B232-7FDA9FB6C305}.Release|Any CPU.ActiveCfg = Release|Any CPU
		{19C51377-3182-4C3C-B232-7FDA9FB6C305}.Release|Any CPU.Build.0 = Release|Any CPU
	EndGlobalSection
	GlobalSection(SolutionProperties) = preSolution
		HideSolutionNode = FALSE
	EndGlobalSection
	GlobalSection(ExtensibilityGlobals) = postSolution
		SolutionGuid = {3DDBA472-02D5-43A4-A243-F8EC947E1834}
	EndGlobalSection
EndGlobal
